
Microsoft Visual Studio Solution File, Format Version 12.00
# Visual Studio Version 17
VisualStudioVersion = 17.0.31903.59
MinimumVisualStudioVersion = 10.0.40219.1
Project("{FAE04EC0-301F-11D3-BF4B-00C04F79EFBC}") = "Bestgen", "Bestgen.csproj", "{650D8E02-EA01-4456-808B-B5814FDFE767}"
EndProject
Project("{2150E333-8FDC-42A3-9474-1A3956D46DE8}") = "tests", "tests", "{78FCEEE9-1BBE-46FF-9D8B-9CB648573A29}"
EndProject
Project("{FAE04EC0-301F-11D3-BF4B-00C04F79EFBC}") = "Bestgen.Tests", "tests\Bestgen.Tests\Bestgen.Tests.csproj", "{C958C05A-089B-41F8-9E01-0F0BA994C4AA}"
EndProject
Global
	GlobalSection(SolutionConfigurationPlatforms) = preSolution
		Debug|Any CPU = Debug|Any CPU
		Release|Any CPU = Release|Any CPU
	EndGlobalSection
	GlobalSection(SolutionProperties) = preSolution
		HideSolutionNode = FALSE
	EndGlobalSection
	GlobalSection(ProjectConfigurationPlatforms) = postSolution
		{650D8E02-EA01-4456-808B-B5814FDFE767}.Debug|Any CPU.ActiveCfg = Debug|Any CPU
		{650D8E02-EA01-4456-808B-B5814FDFE767}.Debug|Any CPU.Build.0 = Debug|Any CPU
		{650D8E02-EA01-4456-808B-B5814FDFE767}.Release|Any CPU.ActiveCfg = Release|Any CPU
		{650D8E02-EA01-4456-808B-B5814FDFE767}.Release|Any CPU.Build.0 = Release|Any CPU
		{C958C05A-089B-41F8-9E01-0F0BA994C4AA}.Debug|Any CPU.ActiveCfg = Debug|Any CPU
		{C958C05A-089B-41F8-9E01-0F0BA994C4AA}.Debug|Any CPU.Build.0 = Debug|Any CPU
		{C958C05A-089B-41F8-9E01-0F0BA994C4AA}.Release|Any CPU.ActiveCfg = Release|Any CPU
		{C958C05A-089B-41F8-9E01-0F0BA994C4AA}.Release|Any CPU.Build.0 = Release|Any CPU
	EndGlobalSection
	GlobalSection(NestedProjects) = preSolution
		{C958C05A-089B-41F8-9E01-0F0BA994C4AA} = {78FCEEE9-1BBE-46FF-9D8B-9CB648573A29}
	EndGlobalSection
EndGlobal
